{
  "pins" : [
    {
      "identity" : "loremipsum",
      "kind" : "remoteSourceControl",
      "location" : "https://github.com/lukaskubanek/LoremIpsum",
      "state" : {
        "branch" : "master",
        "revision" : "6d5e2a40e4bd452b09f08a4cacacd8eee4fb5dd6"
      }
    }
  ],
  "version" : 2
}
